// !$*UTF8*$!
{
	archiveVersion = 1;
	classes = {
	};
	objectVersion = 46;
	objects = {

/* Begin PBXBuildFile section */
		1B02F0FD1C2582050012490A /* main.m in Sources */ = {isa = PBXBuildFile; fileRef = 1B02F0FC1C2582050012490A /* main.m */; };
		1B02F1001C2582050012490A /* AppDelegate.m in Sources */ = {isa = PBXBuildFile; fileRef = 1B02F0FF1C2582050012490A /* AppDelegate.m */; };
		1B02F1061C2582050012490A /* Main.storyboard in Resources */ = {isa = PBXBuildFile; fileRef = 1B02F1041C2582050012490A /* Main.storyboard */; };
		1B02F1081C2582050012490A /* Assets.xcassets in Resources */ = {isa = PBXBuildFile; fileRef = 1B02F1071C2582050012490A /* Assets.xcassets */; };
		1B02F10B1C2582050012490A /* LaunchScreen.storyboard in Resources */ = {isa = PBXBuildFile; fileRef = 1B02F1091C2582050012490A /* LaunchScreen.storyboard */; };
		1B02F1221C2586F90012490A /* JFBaseViewModel.m in Sources */ = {isa = PBXBuildFile; fileRef = 1B02F1211C2586F90012490A /* JFBaseViewModel.m */; };
		1B02F1251C2587370012490A /* JFBaseViewController.m in Sources */ = {isa = PBXBuildFile; fileRef = 1B02F1241C2587370012490A /* JFBaseViewController.m */; };
		1B02F1281C2587950012490A /* JFBaseNetManager.m in Sources */ = {isa = PBXBuildFile; fileRef = 1B02F1271C2587950012490A /* JFBaseNetManager.m */; };
		1B02F12B1C2588040012490A /* JFBaseModel.m in Sources */ = {isa = PBXBuildFile; fileRef = 1B02F12A1C2588040012490A /* JFBaseModel.m */; };
		1B02F12E1C2588200012490A /* JFFactory.m in Sources */ = {isa = PBXBuildFile; fileRef = 1B02F12D1C2588200012490A /* JFFactory.m */; };
		1B02F1331C2588C50012490A /* AppDelegate+JFCategory.m in Sources */ = {isa = PBXBuildFile; fileRef = 1B02F1321C2588C50012490A /* AppDelegate+JFCategory.m */; };
		1B02F1371C258B470012490A /* NSObject+JFNetWork.m in Sources */ = {isa = PBXBuildFile; fileRef = 1B02F1361C258B470012490A /* NSObject+JFNetWork.m */; };
		1B02F13A1C258D6C0012490A /* JFNewsNetManager.m in Sources */ = {isa = PBXBuildFile; fileRef = 1B02F1391C258D6C0012490A /* JFNewsNetManager.m */; };
		1B2CC4F91C26716200BFD449 /* JFCustomTabBarViewController.m in Sources */ = {isa = PBXBuildFile; fileRef = 1B2CC4F81C26716200BFD449 /* JFCustomTabBarViewController.m */; };
		1B2CC4FC1C267BE600BFD449 /* JFMasonryLayoutViewController.m in Sources */ = {isa = PBXBuildFile; fileRef = 1B2CC4FB1C267BE600BFD449 /* JFMasonryLayoutViewController.m */; };
		1B2CC4FF1C267D7800BFD449 /* JFMasonryLayout_V2_ViewController.m in Sources */ = {isa = PBXBuildFile; fileRef = 1B2CC4FE1C267D7800BFD449 /* JFMasonryLayout_V2_ViewController.m */; };
		1B2CC5021C267E9400BFD449 /* JFBlocksKitViewController.m in Sources */ = {isa = PBXBuildFile; fileRef = 1B2CC5011C267E9400BFD449 /* JFBlocksKitViewController.m */; };
		1B586ABA1C26E48200BB038C /* UIScrollView+JFRefresh.m in Sources */ = {isa = PBXBuildFile; fileRef = 1B586AB91C26E48200BB038C /* UIScrollView+JFRefresh.m */; };
		1B586ABD1C26E55100BB038C /* JFRefreshViewController.m in Sources */ = {isa = PBXBuildFile; fileRef = 1B586ABC1C26E55100BB038C /* JFRefreshViewController.m */; };
		1B586AC91C26E71C00BB038C /* File.strings in Resources */ = {isa = PBXBuildFile; fileRef = 1B586ACB1C26E71C00BB038C /* File.strings */; };
		1B586ACE1C26E72300BB038C /* InfoPlist.strings in Resources */ = {isa = PBXBuildFile; fileRef = 1B586AD01C26E72300BB038C /* InfoPlist.strings */; };
		1B586AD31C26E72800BB038C /* Localizable.strings in Resources */ = {isa = PBXBuildFile; fileRef = 1B586AD51C26E72800BB038C /* Localizable.strings */; };
		1B586ADD1C26E8AA00BB038C /* Info.plist in Resources */ = {isa = PBXBuildFile; fileRef = 1B586ADC1C26E8AA00BB038C /* Info.plist */; };
		1B9F365F1C26E207000C398D /* lingsheng.mp3 in Resources */ = {isa = PBXBuildFile; fileRef = 1B9F365D1C26E207000C398D /* lingsheng.mp3 */; };
		1B9F36601C26E207000C398D /* song.mp3 in Resources */ = {isa = PBXBuildFile; fileRef = 1B9F365E1C26E207000C398D /* song.mp3 */; };
		5DB1F46ABCFC9FE0F2C1725C /* libPods-JFBaseProject.a in Frameworks */ = {isa = PBXBuildFile; fileRef = 9C09FB976F33649F5EB433BA /* libPods-JFBaseProject.a */; };
/* End PBXBuildFile section */

/* Begin PBXFileReference section */
		1B02F0F81C2582050012490A /* JFBaseProject.app */ = {isa = PBXFileReference; explicitFileType = wrapper.application; includeInIndex = 0; path = JFBaseProject.app; sourceTree = BUILT_PRODUCTS_DIR; };
		1B02F0FC1C2582050012490A /* main.m */ = {isa = PBXFileReference; lastKnownFileType = sourcecode.c.objc; path = main.m; sourceTree = "<group>"; };
		1B02F0FE1C2582050012490A /* AppDelegate.h */ = {isa = PBXFileReference; lastKnownFileType = sourcecode.c.h; path = AppDelegate.h; sourceTree = "<group>"; };
		1B02F0FF1C2582050012490A /* AppDelegate.m */ = {isa = PBXFileReference; lastKnownFileType = sourcecode.c.objc; path = AppDelegate.m; sourceTree = "<group>"; };
		1B02F1051C2582050012490A /* Base */ = {isa = PBXFileReference; lastKnownFileType = file.storyboard; name = Base; path = Base.lproj/Main.storyboard; sourceTree = "<group>"; };
		1B02F1071C2582050012490A /* Assets.xcassets */ = {isa = PBXFileReference; lastKnownFileType = folder.assetcatalog; path = Assets.xcassets; sourceTree = "<group>"; };
		1B02F10A1C2582050012490A /* Base */ = {isa = PBXFileReference; lastKnownFileType = file.storyboard; name = Base; path = Base.lproj/LaunchScreen.storyboard; sourceTree = "<group>"; };
		1B02F11C1C2586050012490A /* PrefixHeader.pch */ = {isa = PBXFileReference; lastKnownFileType = sourcecode.c.h; path = PrefixHeader.pch; sourceTree = "<group>"; };
		1B02F1201C2586F90012490A /* JFBaseViewModel.h */ = {isa = PBXFileReference; fileEncoding = 4; lastKnownFileType = sourcecode.c.h; path = JFBaseViewModel.h; sourceTree = "<group>"; };
		1B02F1211C2586F90012490A /* JFBaseViewModel.m */ = {isa = PBXFileReference; fileEncoding = 4; lastKnownFileType = sourcecode.c.objc; path = JFBaseViewModel.m; sourceTree = "<group>"; };
		1B02F1231C2587370012490A /* JFBaseViewController.h */ = {isa = PBXFileReference; fileEncoding = 4; lastKnownFileType = sourcecode.c.h; path = JFBaseViewController.h; sourceTree = "<group>"; };
		1B02F1241C2587370012490A /* JFBaseViewController.m */ = {isa = PBXFileReference; fileEncoding = 4; lastKnownFileType = sourcecode.c.objc; path = JFBaseViewController.m; sourceTree = "<group>"; };
		1B02F1261C2587950012490A /* JFBaseNetManager.h */ = {isa = PBXFileReference; fileEncoding = 4; lastKnownFileType = sourcecode.c.h; path = JFBaseNetManager.h; sourceTree = "<group>"; };
		1B02F1271C2587950012490A /* JFBaseNetManager.m */ = {isa = PBXFileReference; fileEncoding = 4; lastKnownFileType = sourcecode.c.objc; path = JFBaseNetManager.m; sourceTree = "<group>"; };
		1B02F1291C2588040012490A /* JFBaseModel.h */ = {isa = PBXFileReference; fileEncoding = 4; lastKnownFileType = sourcecode.c.h; path = JFBaseModel.h; sourceTree = "<group>"; };
		1B02F12A1C2588040012490A /* JFBaseModel.m */ = {isa = PBXFileReference; fileEncoding = 4; lastKnownFileType = sourcecode.c.objc; path = JFBaseModel.m; sourceTree = "<group>"; };
		1B02F12C1C2588200012490A /* JFFactory.h */ = {isa = PBXFileReference; fileEncoding = 4; lastKnownFileType = sourcecode.c.h; path = JFFactory.h; sourceTree = "<group>"; };
		1B02F12D1C2588200012490A /* JFFactory.m */ = {isa = PBXFileReference; fileEncoding = 4; lastKnownFileType = sourcecode.c.objc; path = JFFactory.m; sourceTree = "<group>"; };
		1B02F12F1C25884D0012490A /* Constants.h */ = {isa = PBXFileReference; lastKnownFileType = sourcecode.c.h; path = Constants.h; sourceTree = "<group>"; };
		1B02F1301C25885B0012490A /* Methods.h */ = {isa = PBXFileReference; lastKnownFileType = sourcecode.c.h; path = Methods.h; sourceTree = "<group>"; };
		1B02F1311C2588C50012490A /* AppDelegate+JFCategory.h */ = {isa = PBXFileReference; fileEncoding = 4; lastKnownFileType = sourcecode.c.h; path = "AppDelegate+JFCategory.h"; sourceTree = "<group>"; };
		1B02F1321C2588C50012490A /* AppDelegate+JFCategory.m */ = {isa = PBXFileReference; fileEncoding = 4; lastKnownFileType = sourcecode.c.objc; path = "AppDelegate+JFCategory.m"; sourceTree = "<group>"; };
		1B02F1341C25898F0012490A /* NewsPath.h */ = {isa = PBXFileReference; lastKnownFileType = sourcecode.c.h; path = NewsPath.h; sourceTree = "<group>"; };
		1B02F1351C258B470012490A /* NSObject+JFNetWork.h */ = {isa = PBXFileReference; fileEncoding = 4; lastKnownFileType = sourcecode.c.h; path = "NSObject+JFNetWork.h"; sourceTree = "<group>"; };
		1B02F1361C258B470012490A /* NSObject+JFNetWork.m */ = {isa = PBXFileReference; fileEncoding = 4; lastKnownFileType = sourcecode.c.objc; path = "NSObject+JFNetWork.m"; sourceTree = "<group>"; };
		1B02F1381C258D6C0012490A /* JFNewsNetManager.h */ = {isa = PBXFileReference; fileEncoding = 4; lastKnownFileType = sourcecode.c.h; path = JFNewsNetManager.h; sourceTree = "<group>"; };
		1B02F1391C258D6C0012490A /* JFNewsNetManager.m */ = {isa = PBXFileReference; fileEncoding = 4; lastKnownFileType = sourcecode.c.objc; path = JFNewsNetManager.m; sourceTree = "<group>"; };
		1B2CC4F71C26716200BFD449 /* JFCustomTabBarViewController.h */ = {isa = PBXFileReference; fileEncoding = 4; lastKnownFileType = sourcecode.c.h; path = JFCustomTabBarViewController.h; sourceTree = "<group>"; };
		1B2CC4F81C26716200BFD449 /* JFCustomTabBarViewController.m */ = {isa = PBXFileReference; fileEncoding = 4; lastKnownFileType = sourcecode.c.objc; path = JFCustomTabBarViewController.m; sourceTree = "<group>"; };
		1B2CC4FA1C267BE600BFD449 /* JFMasonryLayoutViewController.h */ = {isa = PBXFileReference; fileEncoding = 4; lastKnownFileType = sourcecode.c.h; path = JFMasonryLayoutViewController.h; sourceTree = "<group>"; };
		1B2CC4FB1C267BE600BFD449 /* JFMasonryLayoutViewController.m */ = {isa = PBXFileReference; fileEncoding = 4; lastKnownFileType = sourcecode.c.objc; path = JFMasonryLayoutViewController.m; sourceTree = "<group>"; };
		1B2CC4FD1C267D7800BFD449 /* JFMasonryLayout_V2_ViewController.h */ = {isa = PBXFileReference; fileEncoding = 4; lastKnownFileType = sourcecode.c.h; path = JFMasonryLayout_V2_ViewController.h; sourceTree = "<group>"; };
		1B2CC4FE1C267D7800BFD449 /* JFMasonryLayout_V2_ViewController.m */ = {isa = PBXFileReference; fileEncoding = 4; lastKnownFileType = sourcecode.c.objc; path = JFMasonryLayout_V2_ViewController.m; sourceTree = "<group>"; };
		1B2CC5001C267E9400BFD449 /* JFBlocksKitViewController.h */ = {isa = PBXFileReference; fileEncoding = 4; lastKnownFileType = sourcecode.c.h; path = JFBlocksKitViewController.h; sourceTree = "<group>"; };
		1B2CC5011C267E9400BFD449 /* JFBlocksKitViewController.m */ = {isa = PBXFileReference; fileEncoding = 4; lastKnownFileType = sourcecode.c.objc; path = JFBlocksKitViewController.m; sourceTree = "<group>"; };
		1B4D0AB31C2593D600EF3FFE /* zh-Hans */ = {isa = PBXFileReference; lastKnownFileType = text.plist.strings; name = "zh-Hans"; path = "zh-Hans.lproj/Main.strings"; sourceTree = "<group>"; };
		1B4D0AB41C2593D600EF3FFE /* zh-Hans */ = {isa = PBXFileReference; lastKnownFileType = text.plist.strings; name = "zh-Hans"; path = "zh-Hans.lproj/LaunchScreen.strings"; sourceTree = "<group>"; };
		1B586AB81C26E48200BB038C /* UIScrollView+JFRefresh.h */ = {isa = PBXFileReference; fileEncoding = 4; lastKnownFileType = sourcecode.c.h; path = "UIScrollView+JFRefresh.h"; sourceTree = "<group>"; };
		1B586AB91C26E48200BB038C /* UIScrollView+JFRefresh.m */ = {isa = PBXFileReference; fileEncoding = 4; lastKnownFileType = sourcecode.c.objc; path = "UIScrollView+JFRefresh.m"; sourceTree = "<group>"; };
		1B586ABB1C26E55100BB038C /* JFRefreshViewController.h */ = {isa = PBXFileReference; fileEncoding = 4; lastKnownFileType = sourcecode.c.h; path = JFRefreshViewController.h; sourceTree = "<group>"; };
		1B586ABC1C26E55100BB038C /* JFRefreshViewController.m */ = {isa = PBXFileReference; fileEncoding = 4; lastKnownFileType = sourcecode.c.objc; path = JFRefreshViewController.m; sourceTree = "<group>"; };
		1B586ACA1C26E71C00BB038C /* Base */ = {isa = PBXFileReference; lastKnownFileType = text.plist.strings; name = Base; path = Base.lproj/File.strings; sourceTree = "<group>"; };
		1B586ACC1C26E71D00BB038C /* en */ = {isa = PBXFileReference; lastKnownFileType = text.plist.strings; name = en; path = en.lproj/File.strings; sourceTree = "<group>"; };
		1B586ACD1C26E71E00BB038C /* zh-Hans */ = {isa = PBXFileReference; lastKnownFileType = text.plist.strings; name = "zh-Hans"; path = "zh-Hans.lproj/File.strings"; sourceTree = "<group>"; };
		1B586ACF1C26E72300BB038C /* Base */ = {isa = PBXFileReference; lastKnownFileType = text.plist.strings; name = Base; path = Base.lproj/InfoPlist.strings; sourceTree = "<group>"; };
		1B586AD11C26E72400BB038C /* en */ = {isa = PBXFileReference; lastKnownFileType = text.plist.strings; name = en; path = en.lproj/InfoPlist.strings; sourceTree = "<group>"; };
		1B586AD21C26E72500BB038C /* zh-Hans */ = {isa = PBXFileReference; lastKnownFileType = text.plist.strings; name = "zh-Hans"; path = "zh-Hans.lproj/InfoPlist.strings"; sourceTree = "<group>"; };
		1B586AD41C26E72800BB038C /* Base */ = {isa = PBXFileReference; lastKnownFileType = text.plist.strings; name = Base; path = Base.lproj/Localizable.strings; sourceTree = "<group>"; };
		1B586AD61C26E72900BB038C /* en */ = {isa = PBXFileReference; lastKnownFileType = text.plist.strings; name = en; path = en.lproj/Localizable.strings; sourceTree = "<group>"; };
		1B586AD71C26E72A00BB038C /* zh-Hans */ = {isa = PBXFileReference; lastKnownFileType = text.plist.strings; name = "zh-Hans"; path = "zh-Hans.lproj/Localizable.strings"; sourceTree = "<group>"; };
		1B586ADC1C26E8AA00BB038C /* Info.plist */ = {isa = PBXFileReference; fileEncoding = 4; lastKnownFileType = text.plist.xml; path = Info.plist; sourceTree = "<group>"; };
		1B9F365D1C26E207000C398D /* lingsheng.mp3 */ = {isa = PBXFileReference; lastKnownFileType = audio.mp3; path = lingsheng.mp3; sourceTree = "<group>"; };
		1B9F365E1C26E207000C398D /* song.mp3 */ = {isa = PBXFileReference; lastKnownFileType = audio.mp3; path = song.mp3; sourceTree = "<group>"; };
		3184BA69CD57946012E0D84A /* Pods-JFBaseProject.debug.xcconfig */ = {isa = PBXFileReference; includeInIndex = 1; lastKnownFileType = text.xcconfig; name = "Pods-JFBaseProject.debug.xcconfig"; path = "Pods/Target Support Files/Pods-JFBaseProject/Pods-JFBaseProject.debug.xcconfig"; sourceTree = "<group>"; };
		84D37E2498CDCA709BCC4DFC /* Pods-JFBaseProject.release.xcconfig */ = {isa = PBXFileReference; includeInIndex = 1; lastKnownFileType = text.xcconfig; name = "Pods-JFBaseProject.release.xcconfig"; path = "Pods/Target Support Files/Pods-JFBaseProject/Pods-JFBaseProject.release.xcconfig"; sourceTree = "<group>"; };
		9C09FB976F33649F5EB433BA /* libPods-JFBaseProject.a */ = {isa = PBXFileReference; explicitFileType = archive.ar; includeInIndex = 0; path = "libPods-JFBaseProject.a"; sourceTree = BUILT_PRODUCTS_DIR; };
/* End PBXFileReference section */

/* Begin PBXFrameworksBuildPhase section */
		1B02F0F51C2582050012490A /* Frameworks */ = {
			isa = PBXFrameworksBuildPhase;
			buildActionMask = 2147483647;
			files = (
				5DB1F46ABCFC9FE0F2C1725C /* libPods-JFBaseProject.a in Frameworks */,
			);
			runOnlyForDeploymentPostprocessing = 0;
		};
/* End PBXFrameworksBuildPhase section */

/* Begin PBXGroup section */
		039A1351FFDD848C99329383 /* Frameworks */ = {
			isa = PBXGroup;
			children = (
				9C09FB976F33649F5EB433BA /* libPods-JFBaseProject.a */,
			);
			name = Frameworks;
			sourceTree = "<group>";
		};
		1B02F0EF1C2582050012490A = {
			isa = PBXGroup;
			children = (
				1B02F0FA1C2582050012490A /* JFBaseProject */,
				1B02F0F91C2582050012490A /* Products */,
				5D3C636E05FEC76E7E94C5AE /* Pods */,
				039A1351FFDD848C99329383 /* Frameworks */,
			);
			sourceTree = "<group>";
		};
		1B02F0F91C2582050012490A /* Products */ = {
			isa = PBXGroup;
			children = (
				1B02F0F81C2582050012490A /* JFBaseProject.app */,
			);
			name = Products;
			sourceTree = "<group>";
		};
		1B02F0FA1C2582050012490A /* JFBaseProject */ = {
			isa = PBXGroup;
			children = (
				1B280E3C1C26DE9600BE59DC /* JFClasses */,
				1B280E3D1C26E0FB00BE59DC /* JFResources */,
				1B02F0FB1C2582050012490A /* Supporting Files */,
			);
			path = JFBaseProject;
			sourceTree = "<group>";
		};
		1B02F0FB1C2582050012490A /* Supporting Files */ = {
			isa = PBXGroup;
			children = (
				1B586ADC1C26E8AA00BB038C /* Info.plist */,
				1B02F0FC1C2582050012490A /* main.m */,
				1B02F11C1C2586050012490A /* PrefixHeader.pch */,
				1B02F1041C2582050012490A /* Main.storyboard */,
				1B02F1071C2582050012490A /* Assets.xcassets */,
				1B02F1091C2582050012490A /* LaunchScreen.storyboard */,
			);
			name = "Supporting Files";
			sourceTree = "<group>";
		};
		1B02F1121C2583430012490A /* Category */ = {
			isa = PBXGroup;
			children = (
				1B02F1311C2588C50012490A /* AppDelegate+JFCategory.h */,
				1B02F1321C2588C50012490A /* AppDelegate+JFCategory.m */,
				1B02F1351C258B470012490A /* NSObject+JFNetWork.h */,
				1B02F1361C258B470012490A /* NSObject+JFNetWork.m */,
				1B586AB81C26E48200BB038C /* UIScrollView+JFRefresh.h */,
				1B586AB91C26E48200BB038C /* UIScrollView+JFRefresh.m */,
			);
			path = Category;
			sourceTree = "<group>";
		};
		1B02F1131C2583430012490A /* Define */ = {
			isa = PBXGroup;
			children = (
				1B02F12F1C25884D0012490A /* Constants.h */,
				1B02F1301C25885B0012490A /* Methods.h */,
			);
			path = Define;
			sourceTree = "<group>";
		};
		1B02F1141C2583430012490A /* Factory */ = {
			isa = PBXGroup;
			children = (
				1B02F12C1C2588200012490A /* JFFactory.h */,
				1B02F12D1C2588200012490A /* JFFactory.m */,
			);
			path = Factory;
			sourceTree = "<group>";
		};
		1B02F1151C2583430012490A /* Model */ = {
			isa = PBXGroup;
			children = (
				1B02F1291C2588040012490A /* JFBaseModel.h */,
				1B02F12A1C2588040012490A /* JFBaseModel.m */,
			);
			path = Model;
			sourceTree = "<group>";
		};
		1B02F1161C2583430012490A /* NetManager */ = {
			isa = PBXGroup;
			children = (
				1B02F1341C25898F0012490A /* NewsPath.h */,
				1B02F1261C2587950012490A /* JFBaseNetManager.h */,
				1B02F1271C2587950012490A /* JFBaseNetManager.m */,
				1B02F1381C258D6C0012490A /* JFNewsNetManager.h */,
				1B02F1391C258D6C0012490A /* JFNewsNetManager.m */,
			);
			path = NetManager;
			sourceTree = "<group>";
		};
		1B02F1181C2583430012490A /* Vendor */ = {
			isa = PBXGroup;
			children = (
			);
			path = Vendor;
			sourceTree = "<group>";
		};
		1B02F1191C2583430012490A /* View */ = {
			isa = PBXGroup;
			children = (
			);
			path = View;
			sourceTree = "<group>";
		};
		1B02F11A1C2583430012490A /* ViewController */ = {
			isa = PBXGroup;
			children = (
				1B02F1231C2587370012490A /* JFBaseViewController.h */,
				1B02F1241C2587370012490A /* JFBaseViewController.m */,
				1B2CC4F71C26716200BFD449 /* JFCustomTabBarViewController.h */,
				1B2CC4F81C26716200BFD449 /* JFCustomTabBarViewController.m */,
				1B2CC4FA1C267BE600BFD449 /* JFMasonryLayoutViewController.h */,
				1B2CC4FB1C267BE600BFD449 /* JFMasonryLayoutViewController.m */,
				1B2CC4FD1C267D7800BFD449 /* JFMasonryLayout_V2_ViewController.h */,
				1B2CC4FE1C267D7800BFD449 /* JFMasonryLayout_V2_ViewController.m */,
				1B2CC5001C267E9400BFD449 /* JFBlocksKitViewController.h */,
				1B2CC5011C267E9400BFD449 /* JFBlocksKitViewController.m */,
				1B586ABB1C26E55100BB038C /* JFRefreshViewController.h */,
				1B586ABC1C26E55100BB038C /* JFRefreshViewController.m */,
			);
			path = ViewController;
			sourceTree = "<group>";
		};
		1B02F11B1C2583430012490A /* ViewModel */ = {
			isa = PBXGroup;
			children = (
				1B02F1201C2586F90012490A /* JFBaseViewModel.h */,
				1B02F1211C2586F90012490A /* JFBaseViewModel.m */,
			);
			path = ViewModel;
			sourceTree = "<group>";
		};
		1B280E3C1C26DE9600BE59DC /* JFClasses */ = {
			isa = PBXGroup;
			children = (
				1B02F0FE1C2582050012490A /* AppDelegate.h */,
				1B02F0FF1C2582050012490A /* AppDelegate.m */,
				1B02F1121C2583430012490A /* Category */,
				1B02F1131C2583430012490A /* Define */,
				1B02F1141C2583430012490A /* Factory */,
				1B02F1151C2583430012490A /* Model */,
				1B02F1161C2583430012490A /* NetManager */,
				1B02F1181C2583430012490A /* Vendor */,
				1B02F1191C2583430012490A /* View */,
				1B02F11A1C2583430012490A /* ViewController */,
				1B02F11B1C2583430012490A /* ViewModel */,
			);
			path = JFClasses;
			sourceTree = "<group>";
		};
		1B280E3D1C26E0FB00BE59DC /* JFResources */ = {
			isa = PBXGroup;
			children = (
				1B586AC21C26E6DE00BB038C /* JFStrings */,
				1B280E3E1C26E0FB00BE59DC /* JFAudios */,
				1B280E3F1C26E0FB00BE59DC /* JFImages */,
				1B280E401C26E0FB00BE59DC /* JFPlists */,
				1B280E411C26E0FB00BE59DC /* JFVedios */,
			);
			path = JFResources;
			sourceTree = "<group>";
		};
		1B280E3E1C26E0FB00BE59DC /* JFAudios */ = {
			isa = PBXGroup;
			children = (
				1B9F365D1C26E207000C398D /* lingsheng.mp3 */,
				1B9F365E1C26E207000C398D /* song.mp3 */,
			);
			path = JFAudios;
			sourceTree = "<group>";
		};
		1B280E3F1C26E0FB00BE59DC /* JFImages */ = {
			isa = PBXGroup;
			children = (
			);
			path = JFImages;
			sourceTree = "<group>";
		};
		1B280E401C26E0FB00BE59DC /* JFPlists */ = {
			isa = PBXGroup;
			children = (
			);
			path = JFPlists;
			sourceTree = "<group>";
		};
		1B280E411C26E0FB00BE59DC /* JFVedios */ = {
			isa = PBXGroup;
			children = (
			);
			path = JFVedios;
			sourceTree = "<group>";
		};
		1B586AC21C26E6DE00BB038C /* JFStrings */ = {
			isa = PBXGroup;
			children = (
				1B586ACB1C26E71C00BB038C /* File.strings */,
				1B586AD01C26E72300BB038C /* InfoPlist.strings */,
				1B586AD51C26E72800BB038C /* Localizable.strings */,
			);
			path = JFStrings;
			sourceTree = "<group>";
		};
		5D3C636E05FEC76E7E94C5AE /* Pods */ = {
			isa = PBXGroup;
			children = (
				3184BA69CD57946012E0D84A /* Pods-JFBaseProject.debug.xcconfig */,
				84D37E2498CDCA709BCC4DFC /* Pods-JFBaseProject.release.xcconfig */,
			);
			name = Pods;
			sourceTree = "<group>";
		};
/* End PBXGroup section */

/* Begin PBXNativeTarget section */
		1B02F0F71C2582050012490A /* JFBaseProject */ = {
			isa = PBXNativeTarget;
			buildConfigurationList = 1B02F10F1C2582050012490A /* Build configuration list for PBXNativeTarget "JFBaseProject" */;
			buildPhases = (
				8BA032E13973016861EB0462 /* Check Pods Manifest.lock */,
				1B02F0F41C2582050012490A /* Sources */,
				1B02F0F51C2582050012490A /* Frameworks */,
				1B02F0F61C2582050012490A /* Resources */,
				3E35C9C9A2620E37ABA1A862 /* Embed Pods Frameworks */,
				BEF8DCC94E29E9635B495C9F /* Copy Pods Resources */,
			);
			buildRules = (
			);
			dependencies = (
			);
			name = JFBaseProject;
			productName = JFBaseProject;
			productReference = 1B02F0F81C2582050012490A /* JFBaseProject.app */;
			productType = "com.apple.product-type.application";
		};
/* End PBXNativeTarget section */

/* Begin PBXProject section */
		1B02F0F01C2582050012490A /* Project object */ = {
			isa = PBXProject;
			attributes = {
				CLASSPREFIX = JF;
				LastUpgradeCheck = 0710;
				ORGANIZATIONNAME = john;
				TargetAttributes = {
					1B02F0F71C2582050012490A = {
						CreatedOnToolsVersion = 7.1.1;
						DevelopmentTeam = 8M5TWBJQN6;
					};
				};
			};
			buildConfigurationList = 1B02F0F31C2582050012490A /* Build configuration list for PBXProject "JFBaseProject" */;
			compatibilityVersion = "Xcode 3.2";
			developmentRegion = English;
			hasScannedForEncodings = 0;
			knownRegions = (
				en,
				Base,
				"zh-Hans",
			);
			mainGroup = 1B02F0EF1C2582050012490A;
			productRefGroup = 1B02F0F91C2582050012490A /* Products */;
			projectDirPath = "";
			projectRoot = "";
			targets = (
				1B02F0F71C2582050012490A /* JFBaseProject */,
			);
		};
/* End PBXProject section */

/* Begin PBXResourcesBuildPhase section */
		1B02F0F61C2582050012490A /* Resources */ = {
			isa = PBXResourcesBuildPhase;
			buildActionMask = 2147483647;
			files = (
				1B02F10B1C2582050012490A /* LaunchScreen.storyboard in Resources */,
				1B586ACE1C26E72300BB038C /* InfoPlist.strings in Resources */,
				1B586ADD1C26E8AA00BB038C /* Info.plist in Resources */,
				1B9F36601C26E207000C398D /* song.mp3 in Resources */,
				1B586AC91C26E71C00BB038C /* File.strings in Resources */,
				1B02F1081C2582050012490A /* Assets.xcassets in Resources */,
				1B586AD31C26E72800BB038C /* Localizable.strings in Resources */,
				1B9F365F1C26E207000C398D /* lingsheng.mp3 in Resources */,
				1B02F1061C2582050012490A /* Main.storyboard in Resources */,
			);
			runOnlyForDeploymentPostprocessing = 0;
		};
/* End PBXResourcesBuildPhase section */

/* Begin PBXShellScriptBuildPhase section */
		3E35C9C9A2620E37ABA1A862 /* Embed Pods Frameworks */ = {
			isa = PBXShellScriptBuildPhase;
			buildActionMask = 2147483647;
			files = (
			);
			inputPaths = (
			);
			name = "Embed Pods Frameworks";
			outputPaths = (
			);
			runOnlyForDeploymentPostprocessing = 0;
			shellPath = /bin/sh;
			shellScript = "\"${SRCROOT}/Pods/Target Support Files/Pods-JFBaseProject/Pods-JFBaseProject-frameworks.sh\"\n";
			showEnvVarsInLog = 0;
		};
		8BA032E13973016861EB0462 /* Check Pods Manifest.lock */ = {
			isa = PBXShellScriptBuildPhase;
			buildActionMask = 2147483647;
			files = (
			);
			inputPaths = (
			);
			name = "Check Pods Manifest.lock";
			outputPaths = (
			);
			runOnlyForDeploymentPostprocessing = 0;
			shellPath = /bin/sh;
			shellScript = "diff \"${PODS_ROOT}/../Podfile.lock\" \"${PODS_ROOT}/Manifest.lock\" > /dev/null\nif [[ $? != 0 ]] ; then\n    cat << EOM\nerror: The sandbox is not in sync with the Podfile.lock. Run 'pod install' or update your CocoaPods installation.\nEOM\n    exit 1\nfi\n";
			showEnvVarsInLog = 0;
		};
		BEF8DCC94E29E9635B495C9F /* Copy Pods Resources */ = {
			isa = PBXShellScriptBuildPhase;
			buildActionMask = 2147483647;
			files = (
			);
			inputPaths = (
			);
			name = "Copy Pods Resources";
			outputPaths = (
			);
			runOnlyForDeploymentPostprocessing = 0;
			shellPath = /bin/sh;
			shellScript = "\"${SRCROOT}/Pods/Target Support Files/Pods-JFBaseProject/Pods-JFBaseProject-resources.sh\"\n";
			showEnvVarsInLog = 0;
		};
/* End PBXShellScriptBuildPhase section */

/* Begin PBXSourcesBuildPhase section */
		1B02F0F41C2582050012490A /* Sources */ = {
			isa = PBXSourcesBuildPhase;
			buildActionMask = 2147483647;
			files = (
				1B02F1281C2587950012490A /* JFBaseNetManager.m in Sources */,
				1B02F1001C2582050012490A /* AppDelegate.m in Sources */,
				1B586ABD1C26E55100BB038C /* JFRefreshViewController.m in Sources */,
				1B02F0FD1C2582050012490A /* main.m in Sources */,
				1B02F1251C2587370012490A /* JFBaseViewController.m in Sources */,
				1B02F1331C2588C50012490A /* AppDelegate+JFCategory.m in Sources */,
				1B2CC4FF1C267D7800BFD449 /* JFMasonryLayout_V2_ViewController.m in Sources */,
				1B2CC5021C267E9400BFD449 /* JFBlocksKitViewController.m in Sources */,
				1B02F13A1C258D6C0012490A /* JFNewsNetManager.m in Sources */,
				1B586ABA1C26E48200BB038C /* UIScrollView+JFRefresh.m in Sources */,
				1B02F12B1C2588040012490A /* JFBaseModel.m in Sources */,
				1B02F12E1C2588200012490A /* JFFactory.m in Sources */,
				1B2CC4FC1C267BE600BFD449 /* JFMasonryLayoutViewController.m in Sources */,
				1B02F1371C258B470012490A /* NSObject+JFNetWork.m in Sources */,
				1B02F1221C2586F90012490A /* JFBaseViewModel.m in Sources */,
				1B2CC4F91C26716200BFD449 /* JFCustomTabBarViewController.m in Sources */,
			);
			runOnlyForDeploymentPostprocessing = 0;
		};
/* End PBXSourcesBuildPhase section */

/* Begin PBXVariantGroup section */
		1B02F1041C2582050012490A /* Main.storyboard */ = {
			isa = PBXVariantGroup;
			children = (
				1B02F1051C2582050012490A /* Base */,
				1B4D0AB31C2593D600EF3FFE /* zh-Hans */,
			);
			name = Main.storyboard;
			sourceTree = "<group>";
		};
		1B02F1091C2582050012490A /* LaunchScreen.storyboard */ = {
			isa = PBXVariantGroup;
			children = (
				1B02F10A1C2582050012490A /* Base */,
				1B4D0AB41C2593D600EF3FFE /* zh-Hans */,
			);
			name = LaunchScreen.storyboard;
			sourceTree = "<group>";
		};
		1B586ACB1C26E71C00BB038C /* File.strings */ = {
			isa = PBXVariantGroup;
			children = (
				1B586ACA1C26E71C00BB038C /* Base */,
				1B586ACC1C26E71D00BB038C /* en */,
				1B586ACD1C26E71E00BB038C /* zh-Hans */,
			);
			name = File.strings;
			sourceTree = "<group>";
		};
		1B586AD01C26E72300BB038C /* InfoPlist.strings */ = {
			isa = PBXVariantGroup;
			children = (
				1B586ACF1C26E72300BB038C /* Base */,
				1B586AD11C26E72400BB038C /* en */,
				1B586AD21C26E72500BB038C /* zh-Hans */,
			);
			name = InfoPlist.strings;
			sourceTree = "<group>";
		};
		1B586AD51C26E72800BB038C /* Localizable.strings */ = {
			isa = PBXVariantGroup;
			children = (
				1B586AD41C26E72800BB038C /* Base */,
				1B586AD61C26E72900BB038C /* en */,
				1B586AD71C26E72A00BB038C /* zh-Hans */,
			);
			name = Localizable.strings;
			sourceTree = "<group>";
		};
/* End PBXVariantGroup section */

/* Begin XCBuildConfiguration section */
		1B02F10D1C2582050012490A /* Debug */ = {
			isa = XCBuildConfiguration;
			buildSettings = {
				ALWAYS_SEARCH_USER_PATHS = NO;
				CLANG_CXX_LANGUAGE_STANDARD = "gnu++0x";
				CLANG_CXX_LIBRARY = "libc++";
				CLANG_ENABLE_MODULES = YES;
				CLANG_ENABLE_OBJC_ARC = YES;
				CLANG_WARN_BOOL_CONVERSION = YES;
				CLANG_WARN_CONSTANT_CONVERSION = YES;
				CLANG_WARN_DIRECT_OBJC_ISA_USAGE = YES_ERROR;
				CLANG_WARN_EMPTY_BODY = YES;
				CLANG_WARN_ENUM_CONVERSION = YES;
				CLANG_WARN_INT_CONVERSION = YES;
				CLANG_WARN_OBJC_ROOT_CLASS = YES_ERROR;
				CLANG_WARN_UNREACHABLE_CODE = YES;
				CLANG_WARN__DUPLICATE_METHOD_MATCH = YES;
				"CODE_SIGN_IDENTITY[sdk=iphoneos*]" = "iPhone Developer";
				COPY_PHASE_STRIP = NO;
				DEBUG_INFORMATION_FORMAT = dwarf;
				ENABLE_STRICT_OBJC_MSGSEND = YES;
				ENABLE_TESTABILITY = YES;
				GCC_C_LANGUAGE_STANDARD = gnu99;
				GCC_DYNAMIC_NO_PIC = NO;
				GCC_NO_COMMON_BLOCKS = YES;
				GCC_OPTIMIZATION_LEVEL = 0;
				GCC_PREPROCESSOR_DEFINITIONS = (
					"DEBUG=1",
					"$(inherited)",
				);
				GCC_WARN_64_TO_32_BIT_CONVERSION = YES;
				GCC_WARN_ABOUT_RETURN_TYPE = YES_ERROR;
				GCC_WARN_UNDECLARED_SELECTOR = YES;
				GCC_WARN_UNINITIALIZED_AUTOS = YES_AGGRESSIVE;
				GCC_WARN_UNUSED_FUNCTION = YES;
				GCC_WARN_UNUSED_VARIABLE = YES;
				IPHONEOS_DEPLOYMENT_TARGET = 9.1;
				MTL_ENABLE_DEBUG_INFO = YES;
				ONLY_ACTIVE_ARCH = YES;
				SDKROOT = iphoneos;
			};
			name = Debug;
		};
		1B02F10E1C2582050012490A /* Release */ = {
			isa = XCBuildConfiguration;
			buildSettings = {
				ALWAYS_SEARCH_USER_PATHS = NO;
				CLANG_CXX_LANGUAGE_STANDARD = "gnu++0x";
				CLANG_CXX_LIBRARY = "libc++";
				CLANG_ENABLE_MODULES = YES;
				CLANG_ENABLE_OBJC_ARC = YES;
				CLANG_WARN_BOOL_CONVERSION = YES;
				CLANG_WARN_CONSTANT_CONVERSION = YES;
				CLANG_WARN_DIRECT_OBJC_ISA_USAGE = YES_ERROR;
				CLANG_WARN_EMPTY_BODY = YES;
				CLANG_WARN_ENUM_CONVERSION = YES;
				CLANG_WARN_INT_CONVERSION = YES;
				CLANG_WARN_OBJC_ROOT_CLASS = YES_ERROR;
				CLANG_WARN_UNREACHABLE_CODE = YES;
				CLANG_WARN__DUPLICATE_METHOD_MATCH = YES;
				"CODE_SIGN_IDENTITY[sdk=iphoneos*]" = "iPhone Developer";
				COPY_PHASE_STRIP = NO;
				DEBUG_INFORMATION_FORMAT = "dwarf-with-dsym";
				ENABLE_NS_ASSERTIONS = NO;
				ENABLE_STRICT_OBJC_MSGSEND = YES;
				GCC_C_LANGUAGE_STANDARD = gnu99;
				GCC_NO_COMMON_BLOCKS = YES;
				GCC_WARN_64_TO_32_BIT_CONVERSION = YES;
				GCC_WARN_ABOUT_RETURN_TYPE = YES_ERROR;
				GCC_WARN_UNDECLARED_SELECTOR = YES;
				GCC_WARN_UNINITIALIZED_AUTOS = YES_AGGRESSIVE;
				GCC_WARN_UNUSED_FUNCTION = YES;
				GCC_WARN_UNUSED_VARIABLE = YES;
				IPHONEOS_DEPLOYMENT_TARGET = 9.1;
				MTL_ENABLE_DEBUG_INFO = NO;
				SDKROOT = iphoneos;
				VALIDATE_PRODUCT = YES;
			};
			name = Release;
		};
		1B02F1101C2582050012490A /* Debug */ = {
			isa = XCBuildConfiguration;
			baseConfigurationReference = 3184BA69CD57946012E0D84A /* Pods-JFBaseProject.debug.xcconfig */;
			buildSettings = {
				ASSETCATALOG_COMPILER_APPICON_NAME = AppIcon;
				GCC_PREFIX_HEADER = "$(PRODUCT_NAME)/PrefixHeader.pch";
				INFOPLIST_FILE = JFBaseProject/Info.plist;
				IPHONEOS_DEPLOYMENT_TARGET = 8.0;
				LD_RUNPATH_SEARCH_PATHS = "$(inherited) @executable_path/Frameworks";
				PRODUCT_BUNDLE_IDENTIFIER = cn.com.john.JFBaseProject;
				PRODUCT_NAME = "$(TARGET_NAME)";
			};
			name = Debug;
		};
		1B02F1111C2582050012490A /* Release */ = {
			isa = XCBuildConfiguration;
			baseConfigurationReference = 84D37E2498CDCA709BCC4DFC /* Pods-JFBaseProject.release.xcconfig */;
			buildSettings = {
				ASSETCATALOG_COMPILER_APPICON_NAME = AppIcon;
				GCC_PREFIX_HEADER = "$(PRODUCT_NAME)/PrefixHeader.pch";
				INFOPLIST_FILE = JFBaseProject/Info.plist;
				IPHONEOS_DEPLOYMENT_TARGET = 8.0;
				LD_RUNPATH_SEARCH_PATHS = "$(inherited) @executable_path/Frameworks";
				PRODUCT_BUNDLE_IDENTIFIER = cn.com.john.JFBaseProject;
				PRODUCT_NAME = "$(TARGET_NAME)";
			};
			name = Release;
		};
/* End XCBuildConfiguration section */

/* Begin XCConfigurationList section */
		1B02F0F31C2582050012490A /* Build configuration list for PBXProject "JFBaseProject" */ = {
			isa = XCConfigurationList;
			buildConfigurations = (
				1B02F10D1C2582050012490A /* Debug */,
				1B02F10E1C2582050012490A /* Release */,
			);
			defaultConfigurationIsVisible = 0;
			defaultConfigurationName = Release;
		};
		1B02F10F1C2582050012490A /* Build configuration list for PBXNativeTarget "JFBaseProject" */ = {
			isa = XCConfigurationList;
			buildConfigurations = (
				1B02F1101C2582050012490A /* Debug */,
				1B02F1111C2582050012490A /* Release */,
			);
			defaultConfigurationIsVisible = 0;
			defaultConfigurationName = Release;
		};
/* End XCConfigurationList section */
	};
	rootObject = 1B02F0F01C2582050012490A /* Project object */;
}
